lockfileVersion: 5.3

specifiers:
  '@types/react': ^17.0.39
  cumcord-types: ^1.3.0
  discord-types: ^1.2.23
  fuse.js: ^6.5.3

dependencies:
  fuse.js: 6.5.3

devDependencies:
  '@types/react': 17.0.39
  cumcord-types: 1.3.0
  discord-types: 1.2.23

packages:

  /@babel/runtime/7.17.9:
    resolution: {integrity: sha512-lSiBBvodq29uShpWGNbgFdKYNiFDo5/HIYsaCEY9ff4sb10x9jizo2+pRrSyF4jKZCXqgzuqBOQKbUm90gQwJg==}
    engines: {node: '>=6.9.0'}
    dependencies:
      regenerator-runtime: 0.13.9
    dev: true

  /@types/fbemitter/2.0.32:
    resolution: {integrity: sha512-Hwq28bBlbmfCgLnNJvjl5ssTrbZCTSblI4vqPpqZrbbEL8vn5l2UivxhlMYfUY7a4SR8UB6RKoLjOZfljqAa6g==}
    dev: true

  /@types/flux/3.1.11:
    resolution: {integrity: sha512-Aq4UB1ZqAKcPbhB0GpgMw2sntvOh71he9tjz53TLKrI7rw3Y3LxCW5pTYY9IV455hQapm4pmxFjpqlWOs308Yg==}
    dependencies:
      '@types/fbemitter': 2.0.32
      '@types/react': 18.0.8
    dev: true

  /@types/prop-types/15.7.4:
    resolution: {integrity: sha512-rZ5drC/jWjrArrS8BR6SIr4cWpW09RNTYt9AMZo3Jwwif+iacXAqgVjm0B0Bv/S1jhDXKHqRVNCbACkJ89RAnQ==}
    dev: true

  /@types/react-dom/18.0.5:
    resolution: {integrity: sha512-OWPWTUrY/NIrjsAPkAk1wW9LZeIjSvkXRhclsFO8CZcZGCOg2G0YZy4ft+rOyYxy8B7ui5iZzi9OkDebZ7/QSA==}
    dependencies:
      '@types/react': 18.0.8
    dev: true

  /@types/react/17.0.2:
    resolution: {integrity: sha512-Xt40xQsrkdvjn1EyWe1Bc0dJLcil/9x2vAuW7ya+PuQip4UYUaXyhzWmAbwRsdMgwOFHpfp7/FFZebDU6Y8VHA==}
    dependencies:
      '@types/prop-types': 15.7.4
      csstype: 3.0.10
    dev: true

  /@types/react/17.0.39:
    resolution: {integrity: sha512-UVavlfAxDd/AgAacMa60Azl7ygyQNRwC/DsHZmKgNvPmRR5p70AJ5Q9EAmL2NWOJmeV+vVUI4IAP7GZrN8h8Ug==}
    dependencies:
      '@types/prop-types': 15.7.4
      '@types/scheduler': 0.16.2
      csstype: 3.0.10
    dev: true

  /@types/react/18.0.8:
    resolution: {integrity: sha512-+j2hk9BzCOrrOSJASi5XiOyBbERk9jG5O73Ya4M0env5Ixi6vUNli4qy994AINcEF+1IEHISYFfIT4zwr++LKw==}
    dependencies:
      '@types/prop-types': 15.7.4
      '@types/scheduler': 0.16.2
      csstype: 3.0.10
    dev: true

  /@types/scheduler/0.16.2:
    resolution: {integrity: sha512-hppQEBDmlwhFAXKJX2KnWLYu5yMfi91yazPb2l+lbJiwW+wdo1gNeRA+3RgNSO39WYX2euey41KEwnqesU2Jew==}
    dev: true

  /csstype/3.0.10:
    resolution: {integrity: sha512-2u44ZG2OcNUO9HDp/Jl8C07x6pU/eTR3ncV91SiK3dhG9TWvRVsCoJw14Ckx5DgWkzGA3waZWO3d7pgqpUI/XA==}
    dev: true

  /cumcord-types/1.3.0:
    resolution: {integrity: sha512-luyw7VzCIIZJjit8ycn4HUJP70b14qb0KF/ILZu62i0CFOdTBRR/sAB/zGMoocx00pv3+oXhT9olZVSk19tzKg==}
    dependencies:
      '@types/flux': 3.1.11
      '@types/react': 18.0.8
      '@types/react-dom': 18.0.5
      discord-types: 1.3.25
      highlight.js: 11.5.1
      nests: 2.3.1
      redux: 4.2.0
      spitroast: 1.4.1
      zustand: 4.0.0-rc.1
    transitivePeerDependencies:
      - immer
      - react
      - solid-js
    dev: true

  /discord-types/1.2.23:
    resolution: {integrity: sha512-KSeJzBwVqYf2N7UsIg0bFeiBRRnr2JJ4JdXZ3AGTjfBIBisqNkiqxg4yNXQ0B9dZhmo7XhTkm+AlIPu68kX2OQ==}
    dependencies:
      moment: 2.29.3
    dev: true

  /discord-types/1.3.25:
    resolution: {integrity: sha512-0ACInvYFbKij7I5YIuxgbVxIZxcRH4j266YqC3X91Z4hPzeyQoDliOX4FHv5AcoNgD28c5hXzMgHidgVYU0Hkg==}
    dependencies:
      '@types/react': 17.0.2
      moment: 2.29.3
    dev: true

  /fuse.js/6.5.3:
    resolution: {integrity: sha512-sA5etGE7yD/pOqivZRBvUBd/NaL2sjAu6QuSaFoe1H2BrJSkH/T/UXAJ8CdXdw7DvY3Hs8CXKYkDWX7RiP5KOg==}
    engines: {node: '>=10'}
    dev: false

  /highlight.js/11.5.1:
    resolution: {integrity: sha512-LKzHqnxr4CrD2YsNoIf/o5nJ09j4yi/GcH5BnYz9UnVpZdS4ucMgvP61TDty5xJcFGRjnH4DpujkS9bHT3hq0Q==}
    engines: {node: '>=12.0.0'}
    dev: true

  /moment/2.29.3:
    resolution: {integrity: sha512-c6YRvhEo//6T2Jz/vVtYzqBzwvPT95JBQ+smCytzf7c50oMZRsR/a4w88aD34I+/QVSfnoAnSBFPJHItlOMJVw==}
    dev: true

  /nests/2.3.1:
    resolution: {integrity: sha512-mq9g10tzsaGbS/c5RUJVwiJVqo89JA/KIYPpBDQlKnyviJ7EDUaboIWsuWx0Abe49nys8MjnB6vK53KF1m6MUQ==}
    peerDependencies:
      react: '>=16.8'
      solid-js: '>=1.0.0'
    dev: true

  /redux/4.2.0:
    resolution: {integrity: sha512-oSBmcKKIuIR4ME29/AeNUnl5L+hvBq7OaJWzaptTQJAntaPvxIJqfnjbaEiCzzaIz+XmVILfqAM3Ob0aXLPfjA==}
    dependencies:
      '@babel/runtime': 7.17.9
    dev: true

  /regenerator-runtime/0.13.9:
    resolution: {integrity: sha512-p3VT+cOEgxFsRRA9X4lkI1E+k2/CtnKtU4gcxyaCUreilL/vqI6CdZ3wxVUx3UOUg+gnUOQQcRI7BmSI656MYA==}
    dev: true

  /spitroast/1.4.1:
    resolution: {integrity: sha512-KezHSgqhV8Jgd5kW27CCwO+31YB9zr9Ldi1OO7I0DPZEl+Ky4EYrCgYSL5CEFIxatQKly8qrmRThzi6cGHQ/EQ==}
    dev: true

  /use-sync-external-store/1.1.0:
    resolution: {integrity: sha512-SEnieB2FPKEVne66NpXPd1Np4R1lTNKfjuy3XdIoPQKYBAFdzbzSZlSn1KJZUiihQLQC5Znot4SBz1EOTBwQAQ==}
    peerDependencies:
      react: ^16.8.0 || ^17.0.0 || ^18.0.0
    dev: true

  /zustand/4.0.0-rc.1:
    resolution: {integrity: sha512-qgcs7zLqBdHu0PuT3GW4WCIY5SgXdsv30GQMu9Qpp1BA2aS+sNS8l4x0hWuyEhjXkN+701aGWawhKDv6oWJAcw==}
    engines: {node: '>=12.7.0'}
    peerDependencies:
      immer: '>=9.0'
      react: '>=16.8'
    peerDependenciesMeta:
      immer:
        optional: true
      react:
        optional: true
    dependencies:
      use-sync-external-store: 1.1.0
    dev: true
